{"SurveyEntry":{"SurveyID":"SV_1H0RZtEDx1vZ7b8","SurveyName":"RSM260 Decision-Making Quiz 2025","SurveyDescription":null,"SurveyOwnerID":"UR_bvkul7EzTVOb59c","SurveyBrandID":"rotman","DivisionID":null,"SurveyLanguage":"EN","SurveyActiveResponseSet":"RS_e9w3bj7UPILvfkG","SurveyStatus":"Active","SurveyStartDate":"0000-00-00 00:00:00","SurveyExpirationDate":"0000-00-00 00:00:00","SurveyCreationDate":"2025-03-11 04:02:54","CreatorID":"UR_bvkul7EzTVOb59c","LastModified":"2025-04-05 13:10:56","LastAccessed":"0000-00-00 00:00:00","LastActivated":"2025-03-11 04:25:27","Deleted":null},"SurveyElements":[{"SurveyID":"SV_1H0RZtEDx1vZ7b8","Element":"BL","PrimaryAttribute":"Survey Blocks","SecondaryAttribute":null,"TertiaryAttribute":null,"Payload":{"1":{"Type":"Trash","Description":"Trash \/ Unused Questions","ID":"BL_bx7Z8fjiumbymjA","BlockElements":[{"Type":"Question","QuestionID":"QID1"},{"Type":"Question","QuestionID":"QID19"},{"Type":"Question","QuestionID":"QID21"},{"Type":"Question","QuestionID":"QID23"}]},"2":{"Type":"Standard","Description":"Availability Bias","ID":"BL_b8H2w3qqwlvBCIe","BlockElements":[{"Type":"Question","QuestionID":"QID1218493888"}],"Options":{"BlockLocking":false,"RandomizeQuestions":"false","BlockVisibility":"Expanded"}},"3":{"Type":"Standard","Description":"BTA Effect","ID":"BL_dnUUisr2w8gTcgu","BlockElements":[{"Type":"Question","QuestionID":"QID1218493889"},{"Type":"Question","QuestionID":"QID1218493890"},{"Type":"Question","QuestionID":"QID1218493891"},{"Type":"Question","QuestionID":"QID1218493892"},{"Type":"Question","QuestionID":"QID1218493893"},{"Type":"Question","QuestionID":"QID1218493894"},{"Type":"Question","QuestionID":"QID1218493895"},{"Type":"Question","QuestionID":"QID1218493896"},{"Type":"Question","QuestionID":"QID1218493897"}],"Options":{"BlockLocking":false,"RandomizeQuestions":"false","BlockVisibility":"Expanded"}},"4":{"Type":"Standard","SubType":"","Description":"CRT","ID":"BL_ea2TDMDjrSd1eoC","BlockElements":[{"Type":"Question","QuestionID":"QID1218493898"},{"Type":"Question","QuestionID":"QID1218493899"},{"Type":"Question","QuestionID":"QID1218493900"}],"Options":{"BlockLocking":false,"RandomizeQuestions":"false","BlockVisibility":"Expanded"}},"5":{"Type":"Standard","Description":"Demographics","ID":"BL_2otDFetuqoW5V6C","BlockElements":[{"Type":"Question","QuestionID":"QID1218493901"}],"Options":{"BlockLocking":false,"RandomizeQuestions":"false","BlockVisibility":"Expanded"}},"6":{"Type":"Standard","Description":"Instructions","ID":"BL_6ljVEyKb8Nv4Yqa","BlockElements":[{"Type":"Question","QuestionID":"QID1218493902"},{"Type":"Question","QuestionID":"QID1218493903"}],"Options":{"BlockLocking":false,"RandomizeQuestions":"false","BlockVisibility":"Expanded"}},"7":{"Type":"Standard","SubType":"","Description":"Challenger","ID":"BL_douaZ6TBst5Nx1c","BlockElements":[{"Type":"Question","QuestionID":"QID18"},{"Type":"Question","QuestionID":"QID20"},{"Type":"Question","QuestionID":"QID22"},{"Type":"Question","QuestionID":"QID24"},{"Type":"Question","QuestionID":"QID25"},{"Type":"Question","QuestionID":"QID26"}],"Options":{"BlockLocking":"false","RandomizeQuestions":"false","BlockVisibility":"Expanded"}}}},{"SurveyID":"SV_1H0RZtEDx1vZ7b8","Element":"FL","PrimaryAttribute":"Survey Flow","SecondaryAttribute":null,"TertiaryAttribute":null,"Payload":{"Type":"Root","FlowID":"FL_1","Flow":[{"Type":"Standard","ID":"BL_6ljVEyKb8Nv4Yqa","FlowID":"FL_7","Autofill":[]},{"Type":"Standard","ID":"BL_b8H2w3qqwlvBCIe","FlowID":"FL_3","Autofill":[]},{"Type":"Standard","ID":"BL_douaZ6TBst5Nx1c","FlowID":"FL_8","Autofill":[]},{"Type":"Standard","ID":"BL_dnUUisr2w8gTcgu","FlowID":"FL_4","Autofill":[]},{"Type":"Standard","ID":"BL_ea2TDMDjrSd1eoC","FlowID":"FL_5","Autofill":[]},{"Type":"Standard","ID":"BL_2otDFetuqoW5V6C","FlowID":"FL_6","Autofill":[]}],"Properties":{"Count":9}}},{"SurveyID":"SV_1H0RZtEDx1vZ7b8","Element":"PL","PrimaryAttribute":"Preview Link","SecondaryAttribute":null,"TertiaryAttribute":null,"Payload":{"PreviewType":"Brand","PreviewID":"278e0900-63ed-4ec5-bbe3-f3b45d2641a6"}},{"SurveyID":"SV_1H0RZtEDx1vZ7b8","Element":"PROJ","PrimaryAttribute":"CORE","SecondaryAttribute":null,"TertiaryAttribute":"1.1.0","Payload":{"ProjectCategory":"CORE","SchemaVersion":"1.1.0"}},{"SurveyID":"SV_1H0RZtEDx1vZ7b8","Element":"QC","PrimaryAttribute":"Survey Question Count","SecondaryAttribute":"26","TertiaryAttribute":null,"Payload":null},{"SurveyID":"SV_1H0RZtEDx1vZ7b8","Element":"RS","PrimaryAttribute":"RS_e9w3bj7UPILvfkG","SecondaryAttribute":"Default Response Set","TertiaryAttribute":null,"Payload":null},{"SurveyID":"SV_1H0RZtEDx1vZ7b8","Element":"SCO","PrimaryAttribute":"Scoring","SecondaryAttribute":null,"TertiaryAttribute":null,"Payload":{"ScoringCategories":[],"ScoringCategoryGroups":[],"ScoringSummaryCategory":null,"ScoringSummaryAfterQuestions":0,"ScoringSummaryAfterSurvey":0,"DefaultScoringCategory":null,"AutoScoringCategory":null}},{"SurveyID":"SV_1H0RZtEDx1vZ7b8","Element":"SO","PrimaryAttribute":"Survey Options","SecondaryAttribute":null,"TertiaryAttribute":null,"Payload":{"BackButton":"false","SaveAndContinue":"true","SurveyProtection":"PublicSurvey","BallotBoxStuffingPrevention":"false","NoIndex":"Yes","SecureResponseFiles":"true","SurveyExpiration":"None","SurveyTermination":"DefaultMessage","Header":"","Footer":"","ProgressBarDisplay":"None","PartialData":"+1 week","ValidationMessage":"","PreviousButton":"","NextButton":"","SurveyTitle":"Qualtrics Survey | Qualtrics Experience Management","SkinLibrary":"Qualtrics","SkinType":"templated","Skin":{"brandingId":null,"templateId":"*base","overrides":null},"NewScoring":1,"SurveyMetaDescription":"The most powerful, simple and trusted way to gather experience data. Start your journey to experience management and try a free account today.","SurveyName":"RSM260 Decision-Making Quiz 2025"}},{"SurveyID":"SV_1H0RZtEDx1vZ7b8","Element":"SQ","PrimaryAttribute":"QID1","SecondaryAttribute":"Click to write the question text","TertiaryAttribute":null,"Payload":{"QuestionText":"Click to write the question text","DataExportTag":"Q1","QuestionType":"MC","Selector":"SAVR","SubSelector":"TX","DataVisibility":{"Private":false,"Hidden":false},"Configuration":{"QuestionDescriptionOption":"UseText"},"QuestionDescription":"Click to write the question text","Choices":{"1":{"Display":"Click to write Choice 1"},"2":{"Display":"Click to write Choice 2"},"3":{"Display":"Click to write Choice 3"}},"ChoiceOrder":["1","2","3"],"Validation":{"Settings":{"ForceResponse":"OFF","Type":"None"}},"Language":[],"NextChoiceId":4,"NextAnswerId":1,"QuestionID":"QID1"}},{"SurveyID":"SV_1H0RZtEDx1vZ7b8","Element":"SQ","PrimaryAttribute":"QID1218493888","SecondaryAttribute":"Which of the following causes more deaths in the U.S. each year?","TertiaryAttribute":null,"Payload":{"QuestionText":"Which of the following causes more deaths in the U.S. each year?","QuestionType":"MC","Selector":"SAVR","SubSelector":"TX","Configuration":{"QuestionDescriptionOption":"UseText"},"QuestionDescription":"Which of the following causes more deaths in the U.S. each year?","Choices":{"1":{"Display":"Homicide"},"2":{"Display":"Alzheimer's"}},"Validation":{"Settings":{"ForceResponse":"ON","ForceResponseType":"ON","Type":"None"}},"Language":[],"ChoiceOrder":["1","2"],"DataVisibility":{"Private":false,"Hidden":false},"NextChoiceId":3,"NextAnswerId":1,"QuestionText_Unsafe":"Which of the following causes more deaths in the U.S. each year?","DataExportTag":"Q1_AB","QuestionID":"QID1218493888"}},{"SurveyID":"SV_1H0RZtEDx1vZ7b8","Element":"SQ","PrimaryAttribute":"QID1218493889","SecondaryAttribute":"For the following questions, please rate yourself in comparison to the other students in this cla...","TertiaryAttribute":null,"Payload":{"QuestionText":"<span style=\"color: rgb(0, 0, 0);\">For the following questions, please rate yourself in comparison to the other students in this class. For each item, please indicate (in the space provided) the percentile to describe your position relative to your classmates. For example, in item 1, If you think that your decision making abilities are below half of the class and above the other half of the class, enter \"50\" as your percentile. If you think that your decision making abilities are better than all the other students in this class, enter \"100.\"&nbsp; All numbers between \"0\" and \"100\" are acceptable responses.&nbsp;&nbsp;<\/span>","QuestionType":"DB","Selector":"TB","QuestionDescription":"For the following questions, please rate yourself in comparison to the other students in this cla...","Configuration":{"NumColumns":2,"QuestionDescriptionOption":"UseText"},"Language":[],"QuestionText_Unsafe":"<span style=\"color: rgb(0, 0, 0);\">For the following questions, please rate yourself in comparison to the other students in this class. For each item, please indicate (in the space provided) the percentile to describe your position relative to your classmates. For example, in item 1, If you think that your decision making abilities are below half of the class and above the other half of the class, enter \"50\" as your percentile. If you think that your decision making abilities are better than all the other students in this class, enter \"100.\"&nbsp; All numbers between \"0\" and \"100\" are acceptable responses.&nbsp;&nbsp;<\/span>","DataExportTag":"Q1_BTA","QuestionID":"QID1218493889","DataVisibility":{"Private":false,"Hidden":false},"ChoiceOrder":[],"NextChoiceId":1,"NextAnswerId":1}},{"SurveyID":"SV_1H0RZtEDx1vZ7b8","Element":"SQ","PrimaryAttribute":"QID1218493890","SecondaryAttribute":"Your decision making abilities","TertiaryAttribute":null,"Payload":{"QuestionText":"Your decision making abilities","QuestionType":"TE","Selector":"SL","QuestionDescription":"Your decision making abilities","Validation":{"Settings":{"ForceResponse":"ON","ForceResponseType":"ON","Type":"None"}},"Configuration":{"QuestionDescriptionOption":"UseText"},"DataVisibility":{"Private":false,"Hidden":false},"Language":[],"NextChoiceId":1,"NextAnswerId":1,"SearchSource":{"AllowFreeResponse":"false"},"QuestionText_Unsafe":"Your decision making abilities","DataExportTag":"Q2_BTA","QuestionID":"QID1218493890"}},{"SurveyID":"SV_1H0RZtEDx1vZ7b8","Element":"SQ","PrimaryAttribute":"QID1218493891","SecondaryAttribute":"Your bargaining abilities","TertiaryAttribute":null,"Payload":{"QuestionText":"Your bargaining abilities","QuestionType":"TE","Selector":"SL","QuestionDescription":"Your bargaining abilities","Configuration":{"NumColumns":2,"QuestionDescriptionOption":"UseText"},"Validation":{"Settings":{"ForceResponse":"ON","ForceResponseType":"ON","Type":"None"}},"DataVisibility":{"Private":false,"Hidden":false},"Language":[],"NextChoiceId":1,"NextAnswerId":1,"SearchSource":{"AllowFreeResponse":"false"},"QuestionText_Unsafe":"Your bargaining abilities","DataExportTag":"Q3_BTA","QuestionID":"QID1218493891"}},{"SurveyID":"SV_1H0RZtEDx1vZ7b8","Element":"SQ","PrimaryAttribute":"QID1218493892","SecondaryAttribute":"Your intelligence","TertiaryAttribute":null,"Payload":{"QuestionText":"Your intelligence<FONT color=#ff0000> <\/FONT>","QuestionType":"TE","Selector":"SL","QuestionDescription":"Your intelligence","Validation":{"Settings":{"ForceResponse":"ON","ForceResponseType":"ON","Type":"None"}},"Configuration":{"QuestionDescriptionOption":"UseText"},"DataVisibility":{"Private":false,"Hidden":false},"Language":[],"NextChoiceId":1,"NextAnswerId":1,"SearchSource":{"AllowFreeResponse":"false"},"QuestionText_Unsafe":"Your intelligence<FONT color=#ff0000> <\/FONT>","DataExportTag":"Q4_BTA","QuestionID":"QID1218493892"}},{"SurveyID":"SV_1H0RZtEDx1vZ7b8","Element":"SQ","PrimaryAttribute":"QID1218493893","SecondaryAttribute":"Your driving abilities","TertiaryAttribute":null,"Payload":{"QuestionText":"Your driving abilities<FONT color=#ff0000> <\/FONT>","QuestionType":"TE","Selector":"SL","QuestionDescription":"Your driving abilities","Validation":{"Settings":{"ForceResponse":"ON","ForceResponseType":"ON","Type":"None"}},"Configuration":{"QuestionDescriptionOption":"UseText"},"DataVisibility":{"Private":false,"Hidden":false},"Language":[],"NextChoiceId":1,"NextAnswerId":1,"SearchSource":{"AllowFreeResponse":"false"},"QuestionText_Unsafe":"Your driving abilities<FONT color=#ff0000> <\/FONT>","DataExportTag":"Q5_BTA","QuestionID":"QID1218493893"}},{"SurveyID":"SV_1H0RZtEDx1vZ7b8","Element":"SQ","PrimaryAttribute":"QID1218493894","SecondaryAttribute":"Your health","TertiaryAttribute":null,"Payload":{"QuestionText":"Your health<FONT color=#ff0000> <\/FONT>","QuestionType":"TE","Selector":"SL","QuestionDescription":"Your health","Configuration":{"NumColumns":2,"QuestionDescriptionOption":"UseText"},"Validation":{"Settings":{"ForceResponse":"ON","ForceResponseType":"ON","Type":"None"}},"DataVisibility":{"Private":false,"Hidden":false},"Language":[],"NextChoiceId":1,"NextAnswerId":1,"SearchSource":{"AllowFreeResponse":"false"},"QuestionText_Unsafe":"Your health<FONT color=#ff0000> <\/FONT>","DataExportTag":"Q6_BTA","QuestionID":"QID1218493894"}},{"SurveyID":"SV_1H0RZtEDx1vZ7b8","Element":"SQ","PrimaryAttribute":"QID1218493895","SecondaryAttribute":"Your contributions to charitable causes","TertiaryAttribute":null,"Payload":{"QuestionText":"Your contributions to charitable causes<FONT color=#ff0000> <\/FONT>","QuestionType":"TE","Selector":"SL","QuestionDescription":"Your contributions to charitable causes","Validation":{"Settings":{"ForceResponse":"ON","ForceResponseType":"ON","Type":"None"}},"Configuration":{"QuestionDescriptionOption":"UseText"},"DataVisibility":{"Private":false,"Hidden":false},"Language":[],"NextChoiceId":1,"NextAnswerId":1,"SearchSource":{"AllowFreeResponse":"false"},"QuestionText_Unsafe":"Your contributions to charitable causes<FONT color=#ff0000> <\/FONT>","DataExportTag":"Q7_BTA","QuestionID":"QID1218493895"}},{"SurveyID":"SV_1H0RZtEDx1vZ7b8","Element":"SQ","PrimaryAttribute":"QID1218493896","SecondaryAttribute":"Your physical attractiveness","TertiaryAttribute":null,"Payload":{"QuestionText":"Your physical attractiveness<FONT color=#ff0000> <\/FONT>","QuestionType":"TE","Selector":"SL","QuestionDescription":"Your physical attractiveness","Validation":{"Settings":{"ForceResponse":"ON","ForceResponseType":"ON","Type":"None"}},"Configuration":{"QuestionDescriptionOption":"UseText"},"DataVisibility":{"Private":false,"Hidden":false},"Language":[],"NextChoiceId":1,"NextAnswerId":1,"SearchSource":{"AllowFreeResponse":"false"},"QuestionText_Unsafe":"Your physical attractiveness<FONT color=#ff0000> <\/FONT>","DataExportTag":"Q8_BTA","QuestionID":"QID1218493896"}},{"SurveyID":"SV_1H0RZtEDx1vZ7b8","Element":"SQ","PrimaryAttribute":"QID1218493897","SecondaryAttribute":"The number of good friends you have","TertiaryAttribute":null,"Payload":{"QuestionText":"The number of good friends you have<font color=\"#ff0000\"> <\/font>","QuestionType":"TE","Selector":"SL","QuestionDescription":"The number of good friends you have","Validation":{"Settings":{"ForceResponse":"ON","ForceResponseType":"ON","Type":"None"}},"Configuration":{"QuestionDescriptionOption":"UseText"},"DataVisibility":{"Private":false,"Hidden":false},"Language":[],"NextChoiceId":1,"NextAnswerId":1,"SearchSource":{"AllowFreeResponse":"false"},"QuestionText_Unsafe":"The number of good friends you have<font color=\"#ff0000\"> <\/font>","DataExportTag":"Q9_BTA","QuestionID":"QID1218493897"}},{"SurveyID":"SV_1H0RZtEDx1vZ7b8","Element":"SQ","PrimaryAttribute":"QID1218493898","SecondaryAttribute":"If it takes 5 machines 5 minutes to make 5 widgets, how long would it take 100 machines to make 1...","TertiaryAttribute":null,"Payload":{"QuestionText":"If it takes 5 machines 5 minutes to make 5 widgets, how long would it take 100 machines to make 100 widgets?&nbsp;","DefaultChoices":false,"QuestionType":"TE","Selector":"SL","Configuration":{"QuestionDescriptionOption":"UseText"},"QuestionDescription":"If it takes 5 machines 5 minutes to make 5 widgets, how long would it take 100 machines to make 1...","Validation":{"Settings":{"ForceResponse":"RequestResponse","ForceResponseType":"RequestResponse","Type":"None"}},"GradingData":[],"Language":[],"NextChoiceId":4,"NextAnswerId":1,"SearchSource":{"AllowFreeResponse":"false"},"DataVisibility":{"Private":false,"Hidden":false},"QuestionText_Unsafe":"If it takes 5 machines 5 minutes to make 5 widgets, how long would it take 100 machines to make 100 widgets?&nbsp;","DataExportTag":"Q1_CRT","QuestionID":"QID1218493898"}},{"SurveyID":"SV_1H0RZtEDx1vZ7b8","Element":"SQ","PrimaryAttribute":"QID1218493899","SecondaryAttribute":"In a lake, there is a patch of lily pads. Every day, the patch doubles in size. If it takes 48 da...","TertiaryAttribute":null,"Payload":{"QuestionText":"In a lake, there is a patch of lily pads. Every day, the patch doubles in size. If it takes 48 days for the patch to cover the entire lake, how long would it take for the patch to cover half of the lake?&nbsp;","DefaultChoices":false,"QuestionType":"TE","Selector":"SL","DataVisibility":{"Private":false,"Hidden":false},"Configuration":{"QuestionDescriptionOption":"UseText"},"QuestionDescription":"In a lake, there is a patch of lily pads. Every day, the patch doubles in size. If it takes 48 da...","Validation":{"Settings":{"ForceResponse":"RequestResponse","ForceResponseType":"RequestResponse","Type":"None"}},"GradingData":[],"Language":[],"NextChoiceId":4,"NextAnswerId":1,"SearchSource":{"AllowFreeResponse":"false"},"QuestionText_Unsafe":"In a lake, there is a patch of lily pads. Every day, the patch doubles in size. If it takes 48 days for the patch to cover the entire lake, how long would it take for the patch to cover half of the lake?&nbsp;","DataExportTag":"Q2_CRT","QuestionID":"QID1218493899"}},{"SurveyID":"SV_1H0RZtEDx1vZ7b8","Element":"SQ","PrimaryAttribute":"QID1218493900","SecondaryAttribute":"A bat and a ball cost $1.10 in total. The bat costs $1.00 more than the ball. How much does the b...","TertiaryAttribute":null,"Payload":{"QuestionText":"A bat and a ball cost $1.10 in total. The bat costs $1.00 more than the ball. How much does the ball cost?&nbsp;","DefaultChoices":false,"QuestionType":"TE","Selector":"SL","DataVisibility":{"Private":false,"Hidden":false},"Configuration":{"QuestionDescriptionOption":"UseText"},"QuestionDescription":"A bat and a ball cost $1.10 in total. The bat costs $1.00 more than the ball. How much does the b...","Validation":{"Settings":{"ForceResponse":"RequestResponse","ForceResponseType":"RequestResponse","Type":"None"}},"GradingData":[],"Language":[],"NextChoiceId":4,"NextAnswerId":1,"SearchSource":{"AllowFreeResponse":"false"},"QuestionText_Unsafe":"A bat and a ball cost $1.10 in total. The bat costs $1.00 more than the ball. How much does the ball cost?&nbsp;","DataExportTag":"Q3_CRT","QuestionID":"QID1218493900"}},{"SurveyID":"SV_1H0RZtEDx1vZ7b8","Element":"SQ","PrimaryAttribute":"QID1218493901","SecondaryAttribute":"Thank you for completing. Here is your completion code: 1026 Please submit this for your reaction...","TertiaryAttribute":null,"Payload":{"QuestionText":"Thank you for completing. <br><br>Here is your completion code: 1026<br><br>Please submit this for your reaction assignment.","DefaultChoices":false,"QuestionType":"DB","Selector":"TB","DataVisibility":{"Private":false,"Hidden":false},"Configuration":{"QuestionDescriptionOption":"UseText"},"QuestionDescription":"Thank you for completing. Here is your completion code: 1026 Please submit this for your reaction...","ChoiceOrder":[],"Validation":{"Settings":{"Type":"None"}},"GradingData":[],"Language":[],"NextChoiceId":3,"NextAnswerId":1,"QuestionText_Unsafe":"Thank you for completing.&nbsp;\n<div>&nbsp;<\/div>\n\n<div>Here is your unique completion code:&nbsp;${e:\/\/Field\/Random%20ID}<\/div>\n\n<div>&nbsp;<\/div>\n\n<div>Please submit this for your reaction assignment.&nbsp;<\/div>","DataExportTag":"Completion","QuestionID":"QID1218493901"}},{"SurveyID":"SV_1H0RZtEDx1vZ7b8","Element":"SQ","PrimaryAttribute":"QID1218493902","SecondaryAttribute":"This is a decision making quiz\u00a0for the RSM260 Class. Please be open and honest with your response..","TertiaryAttribute":null,"Payload":{"QuestionText":"<p><span style=\"color: rgb(0, 0, 0);\">This is a decision making quiz&nbsp;for the RSM260 Class. Please be open and honest with your responses. We will not share your specific answers with the class.&nbsp;<\/span><\/p><p><span style=\"color: rgb(0, 0, 0);\">&nbsp;<\/span><\/p><p><span style=\"color: rgb(0, 0, 0);\">Note: You will&nbsp;NOT be able to come back and finish it later. You should finish the whole quiz all at once.<\/span><\/p>","QuestionType":"DB","Selector":"TB","Configuration":{"QuestionDescriptionOption":"UseText"},"QuestionDescription":"This is a decision making quiz\u00a0for the RSM260 Class. Please be open and honest with your response...","GradingData":[],"Language":[],"DataVisibility":{"Private":false,"Hidden":false},"ChoiceOrder":[],"NextChoiceId":1,"NextAnswerId":1,"QuestionText_Unsafe":"<p><span style=\"color: rgb(0, 0, 0);\">This is a decision making quiz&nbsp;for the RSM260 Class. Please be open and honest with your responses. We will not share your specific answers with the class.&nbsp;<\/span><\/p><p><span style=\"color: rgb(0, 0, 0);\">&nbsp;<\/span><\/p><p><span style=\"color: rgb(0, 0, 0);\">Note: You will&nbsp;NOT be able to come back and finish it later. You should finish the whole quiz all at once.<\/span><\/p>","DataExportTag":"Q1","QuestionID":"QID1218493902"}},{"SurveyID":"SV_1H0RZtEDx1vZ7b8","Element":"SQ","PrimaryAttribute":"QID1218493903","SecondaryAttribute":"What is your name? ","TertiaryAttribute":null,"Payload":{"QuestionText":"What is your name?&nbsp;","DefaultChoices":false,"QuestionType":"TE","Selector":"SL","Configuration":{"QuestionDescriptionOption":"UseText"},"QuestionDescription":"What is your name? ","Validation":{"Settings":{"ForceResponse":"OFF","Type":"None"}},"GradingData":[],"Language":[],"NextChoiceId":4,"NextAnswerId":1,"SearchSource":{"AllowFreeResponse":"false"},"QuestionText_Unsafe":"What is your name?&nbsp;","DataExportTag":"name","QuestionID":"QID1218493903","DataVisibility":{"Private":false,"Hidden":false}}},{"SurveyID":"SV_1H0RZtEDx1vZ7b8","Element":"SQ","PrimaryAttribute":"QID18","SecondaryAttribute":"Question 1 When organizational cultures discourage dissent, what typically happens during critica...","TertiaryAttribute":null,"Payload":{"QuestionText":"<span style=\"font-size:medium\"><span style=\"line-height:normal\"><span style=\"font-family:Aptos, sans-serif\"><span style=\"color:#000000\"><span style=\"font-style:normal\"><span style=\"font-weight:400\"><span style=\"white-space:normal\"><span style=\"text-decoration:none\"><strong><span style=\"font-family:Garamond, serif\"><span style=\"color:black\">Question 1<\/span><\/span><\/strong><br data-end=\"129\" data-start=\"126\" style=\"text-align:start\">\n<span style=\"font-family:Garamond, serif\"><span style=\"color:black\"><span style=\"text-align:start; float:none\">When organizational cultures discourage dissent, what typically happens during critical decision-making processes?<\/span><\/span><\/span><\/span><\/span><\/span><\/span><\/span><\/span><\/span><\/span><br>","DefaultChoices":false,"DataExportTag":"Q1","QuestionType":"MC","Selector":"SAVR","SubSelector":"TX","DataVisibility":{"Private":false,"Hidden":false},"Configuration":{"QuestionDescriptionOption":"UseText"},"QuestionDescription":"Question 1 When organizational cultures discourage dissent, what typically happens during critica...","Choices":{"1":{"Display":"A. Teams frequently pause to reconsider core assumptions."},"2":{"Display":"B. Individuals feel obligated to share doubts early and openly."},"3":{"Display":"C. Leaders seek out data that challenges group consensus."},"4":{"Display":"D. Teams inadvertently suppress information that could prevent failure."}},"ChoiceOrder":[1,2,3,4],"Validation":{"Settings":{"ForceResponse":"ON","ForceResponseType":"ON","Type":"None"}},"GradingData":[],"Language":[],"NextChoiceId":5,"NextAnswerId":1,"QuestionID":"QID18","RecodeValues":{"1":"0","2":"0","3":"0","4":"1"}}},{"SurveyID":"SV_1H0RZtEDx1vZ7b8","Element":"SQ","PrimaryAttribute":"QID19","SecondaryAttribute":"Question 2 Why might group consensus often obscure critical insights in evaluating risks?","TertiaryAttribute":null,"Payload":{"QuestionText":"<span style=\"font-size:medium\"><span style=\"line-height:normal\"><span style=\"font-family:Aptos, sans-serif\"><span style=\"color:#000000\"><span style=\"font-style:normal\"><span style=\"font-weight:400\"><span style=\"white-space:normal\"><span style=\"text-decoration:none\"><strong><span style=\"font-family:Garamond, serif\"><span style=\"color:black\">Question 2<\/span><\/span><\/strong><br style=\"text-align:start\" data-start=\"126\" data-end=\"129\">\n<span style=\"font-family:Garamond, serif\"><span style=\"color:black\"><span style=\"text-align:start; float:none\">Why might group consensus often obscure critical insights in evaluating risks? <\/span><\/span><\/span><\/span><\/span><\/span><\/span><\/span><\/span><\/span><\/span><br>","DefaultChoices":false,"DataExportTag":"Q2","QuestionType":"MC","Selector":"SAVR","SubSelector":"TX","DataVisibility":{"Private":false,"Hidden":false},"Configuration":{"QuestionDescriptionOption":"UseText"},"QuestionDescription":"Question 2 Why might group consensus often obscure critical insights in evaluating risks?","Choices":{"1":{"Display":"A. Group consensus guarantees that all relevant information is considered equally."},"2":{"Display":"B. Consensus-driven groups naturally highlight the most severe risks."},"3":{"Display":"C. Pressure to agree can prevent the thorough exploration of alternative interpretations and hidden threats."},"4":{"Display":"D. Groups tend to openly debate assumptions, reducing the risk of oversight."}},"ChoiceOrder":[1,2,3,4],"Validation":{"Settings":{"ForceResponse":"OFF","Type":"None"}},"GradingData":[],"Language":[],"NextChoiceId":5,"NextAnswerId":1,"QuestionID":"QID19"}},{"SurveyID":"SV_1H0RZtEDx1vZ7b8","Element":"SQ","PrimaryAttribute":"QID20","SecondaryAttribute":"Question 2 When under pressure to deliver results, how do teams typically respond to ambiguous or...","TertiaryAttribute":null,"Payload":{"QuestionText":"<span style=\"font-size:medium\"><span style=\"line-height:normal\"><span style=\"font-family:Aptos, sans-serif\"><span style=\"color:#000000\"><span style=\"font-style:normal\"><span style=\"font-weight:400\"><span style=\"white-space:normal\"><span style=\"text-decoration:none\"><strong><span style=\"font-family:Garamond, serif\"><span style=\"color:black\">Question 2<\/span><\/span><\/strong><br data-end=\"129\" data-start=\"126\" style=\"text-align:start\">\n<span style=\"font-family:Garamond, serif\"><span style=\"color:black\"><span style=\"text-align:start; float:none\">When under pressure to deliver results, how do teams typically respond to ambiguous or incomplete data about potential problems? <\/span><\/span><\/span><\/span><\/span><\/span><\/span><\/span><\/span><\/span><\/span><br>","DefaultChoices":false,"DataExportTag":"Q2","QuestionType":"MC","Selector":"SAVR","SubSelector":"TX","DataVisibility":{"Private":false,"Hidden":false},"Configuration":{"QuestionDescriptionOption":"UseText"},"QuestionDescription":"Question 2 When under pressure to deliver results, how do teams typically respond to ambiguous or...","Choices":{"1":{"Display":"A. They interpret uncertainty optimistically, assuming the best-case scenario."},"2":{"Display":"B. They delay projects indefinitely until data uncertainty is resolved."},"3":{"Display":"C. They actively seek disconfirming evidence to avoid bias."},"4":{"Display":"D. They share uncertainties transparently to prevent optimistic biases."}},"ChoiceOrder":[1,2,3,4],"Validation":{"Settings":{"ForceResponse":"ON","ForceResponseType":"ON","Type":"None"}},"GradingData":[],"Language":[],"NextChoiceId":5,"NextAnswerId":1,"QuestionID":"QID20","RecodeValues":{"1":"1","2":"0","3":"0","4":"0"}}},{"SurveyID":"SV_1H0RZtEDx1vZ7b8","Element":"SQ","PrimaryAttribute":"QID21","SecondaryAttribute":"Question 4 Which organizational behavior increases the risk of overlooking critical problems duri...","TertiaryAttribute":null,"Payload":{"QuestionText":"<span style=\"font-size:medium\"><span style=\"line-height:normal\"><span style=\"font-family:Aptos, sans-serif\"><span style=\"color:#000000\"><span style=\"font-style:normal\"><span style=\"font-weight:400\"><span style=\"white-space:normal\"><span style=\"text-decoration:none\"><strong><span style=\"font-family:Garamond, serif\"><span style=\"color:black\">Question 4<\/span><\/span><\/strong><br style=\"text-align:start\" data-start=\"126\" data-end=\"129\">\n<span style=\"font-family:Garamond, serif\"><span style=\"color:black\"><span style=\"text-align:start; float:none\">Which organizational behavior increases the risk of overlooking critical problems during decision-making? <\/span><\/span><\/span><\/span><\/span><\/span><\/span><\/span><\/span><\/span><\/span><br>","DefaultChoices":false,"DataExportTag":"Q4","QuestionType":"MC","Selector":"SAVR","SubSelector":"TX","DataVisibility":{"Private":false,"Hidden":false},"Configuration":{"QuestionDescriptionOption":"UseText"},"QuestionDescription":"Question 4 Which organizational behavior increases the risk of overlooking critical problems duri...","Choices":{"1":{"Display":"A. Encouraging multiple independent evaluations of the same data"},"2":{"Display":"B. Defining roles and responsibilities ahead of time"},"3":{"Display":"C. Normalizing previous successes as proof that risks are minimal"},"4":{"Display":"D. Regularly revisiting project assumptions through structured reflection"}},"ChoiceOrder":[1,2,3,4],"Validation":{"Settings":{"ForceResponse":"OFF","Type":"None"}},"GradingData":[],"Language":[],"NextChoiceId":5,"NextAnswerId":1,"QuestionID":"QID21"}},{"SurveyID":"SV_1H0RZtEDx1vZ7b8","Element":"SQ","PrimaryAttribute":"QID22","SecondaryAttribute":"Question 3 When decision-makers are faced with ambiguous or conflicting data, they tend to:","TertiaryAttribute":null,"Payload":{"QuestionText":"<span style=\"font-size:medium\"><span style=\"line-height:normal\"><span style=\"font-family:Aptos, sans-serif\"><span style=\"color:#000000\"><span style=\"font-style:normal\"><span style=\"font-weight:400\"><span style=\"white-space:normal\"><span style=\"text-decoration:none\"><strong><span style=\"font-family:Garamond, serif\"><span style=\"color:black\">Question 3<\/span><\/span><\/strong><br style=\"text-align:start\" data-start=\"126\" data-end=\"129\">\n<span style=\"font-family:Garamond, serif\"><span style=\"color:black\"><span style=\"text-align:start; float:none\">When decision-makers are faced with ambiguous or conflicting data, they tend to: <\/span><\/span><\/span><\/span><\/span><\/span><\/span><\/span><\/span><\/span><\/span><br>","DefaultChoices":false,"DataExportTag":"Q3","QuestionType":"MC","Selector":"SAVR","SubSelector":"TX","DataVisibility":{"Private":false,"Hidden":false},"Configuration":{"QuestionDescriptionOption":"UseText"},"QuestionDescription":"Question 3 When decision-makers are faced with ambiguous or conflicting data, they tend to:","Choices":{"1":{"Display":"A. Give equal weight to both confirming and disconfirming information"},"2":{"Display":"B. Selectively interpret data to support a preferred conclusion."},"3":{"Display":"C. Automatically halt decision-making processes until clarity emerges."},"4":{"Display":"D. Delay their decision-making process"}},"ChoiceOrder":[1,2,3,4],"Validation":{"Settings":{"ForceResponse":"ON","ForceResponseType":"ON","Type":"None"}},"GradingData":[],"Language":[],"NextChoiceId":5,"NextAnswerId":1,"QuestionID":"QID22","RecodeValues":{"1":"0","2":"1","3":"0","4":"0"}}},{"SurveyID":"SV_1H0RZtEDx1vZ7b8","Element":"SQ","PrimaryAttribute":"QID23","SecondaryAttribute":"Question 6 When decision-makers are faced with ambiguous or conflicting data, they tend to:","TertiaryAttribute":null,"Payload":{"QuestionText":"<span style=\"font-size:medium\"><span style=\"line-height:normal\"><span style=\"font-family:Aptos, sans-serif\"><span style=\"color:#000000\"><span style=\"font-style:normal\"><span style=\"font-weight:400\"><span style=\"white-space:normal\"><span style=\"text-decoration:none\"><strong><span style=\"font-family:Garamond, serif\"><span style=\"color:black\">Question 6<\/span><\/span><\/strong><br data-end=\"129\" data-start=\"126\" style=\"text-align:start\">\n<span style=\"font-family:Garamond, serif\"><span style=\"color:black\"><span style=\"text-align:start; float:none\">When decision-makers are faced with ambiguous or conflicting data, they tend to: <\/span><\/span><\/span><\/span><\/span><\/span><\/span><\/span><\/span><\/span><\/span><br>","DefaultChoices":false,"DataExportTag":"Q6","QuestionType":"MC","Selector":"SAVR","SubSelector":"TX","DataVisibility":{"Private":false,"Hidden":false},"Configuration":{"QuestionDescriptionOption":"UseText"},"QuestionDescription":"Question 6 When decision-makers are faced with ambiguous or conflicting data, they tend to:","Choices":{"1":{"Display":"A. Requiring thorough documentation of any identified risks"},"2":{"Display":"B. Creating a culture that punishes delay or hesitation"},"3":{"Display":"C. Assigning a dedicated individual to challenge assumptions during meetings"},"4":{"Display":"D. Training decision-makers in recognizing cognitive biases"}},"ChoiceOrder":[1,2,3,4],"Validation":{"Settings":{"ForceResponse":"OFF","Type":"None"}},"GradingData":[],"Language":[],"NextChoiceId":5,"NextAnswerId":1,"QuestionID":"QID23"}},{"SurveyID":"SV_1H0RZtEDx1vZ7b8","Element":"SQ","PrimaryAttribute":"QID24","SecondaryAttribute":"Question 4 Which of the following would most effectively help organizations avoid overconfidence...","TertiaryAttribute":null,"Payload":{"QuestionText":"<span style=\"font-size:medium\"><span style=\"line-height:normal\"><span style=\"font-family:Aptos, sans-serif\"><span style=\"color:#000000\"><span style=\"font-style:normal\"><span style=\"font-weight:400\"><span style=\"white-space:normal\"><span style=\"text-decoration:none\"><strong><span style=\"font-family:Garamond, serif\"><span style=\"color:black\">Question 4<\/span><\/span><\/strong><br style=\"text-align:start\" data-start=\"126\" data-end=\"129\">\n<span style=\"font-family:Garamond, serif\"><span style=\"color:black\"><span style=\"text-align:start; float:none\">Which of the following would most effectively help organizations avoid overconfidence when facing ambiguous information? <\/span><\/span><\/span><\/span><\/span><\/span><\/span><\/span><\/span><\/span><\/span><br>","DefaultChoices":false,"DataExportTag":"Q4","QuestionType":"MC","Selector":"SAVR","SubSelector":"TX","DataVisibility":{"Private":false,"Hidden":false},"Configuration":{"QuestionDescriptionOption":"UseText"},"QuestionDescription":"Question 4 Which of the following would most effectively help organizations avoid overconfidence...","Choices":{"1":{"Display":"A. Reminding decision-makers regularly to carefully examine all available information"},"2":{"Display":"B. Clearly instructing teams to avoid rushing conclusions"},"3":{"Display":"C. Asking leaders explicitly to be more objective and unbiased"},"4":{"Display":"D. Establishing institutional practices that intentionally surface potential problems"}},"ChoiceOrder":[1,2,3,4],"Validation":{"Settings":{"ForceResponse":"ON","ForceResponseType":"ON","Type":"None"}},"GradingData":[],"Language":[],"NextChoiceId":5,"NextAnswerId":1,"QuestionID":"QID24","RecodeValues":{"1":"0","2":"0","3":"0","4":"1"}}},{"SurveyID":"SV_1H0RZtEDx1vZ7b8","Element":"SQ","PrimaryAttribute":"QID25","SecondaryAttribute":"Question 5 Organizations frequently assume that having more data automatically reduces the likeli...","TertiaryAttribute":null,"Payload":{"QuestionText":"<span style=\"font-size:medium\"><span style=\"line-height:normal\"><span style=\"font-family:Aptos, sans-serif\"><span style=\"color:#000000\"><span style=\"font-style:normal\"><span style=\"font-weight:400\"><span style=\"white-space:normal\"><span style=\"text-decoration:none\"><strong><span style=\"font-family:Garamond, serif\"><span style=\"color:black\">Question 5<\/span><\/span><\/strong><br style=\"text-align:start\" data-start=\"126\" data-end=\"129\">\n<span style=\"font-family:Garamond, serif\"><span style=\"color:black\"><span style=\"text-align:start; float:none\">Organizations frequently assume that having more data automatically reduces the likelihood of bad decisions. Why is this assumption problematic? <\/span><\/span><\/span><\/span><\/span><\/span><\/span><\/span><\/span><\/span><\/span><br>","DefaultChoices":false,"DataExportTag":"Q5","QuestionType":"MC","Selector":"SAVR","SubSelector":"TX","DataVisibility":{"Private":false,"Hidden":false},"Configuration":{"QuestionDescriptionOption":"UseText"},"QuestionDescription":"Question 5 Organizations frequently assume that having more data automatically reduces the likeli...","Choices":{"1":{"Display":"A. More data always leads to increased confusion rather than clarity."},"2":{"Display":"B. Decision-makers rarely have enough time to examine available data."},"3":{"Display":"C. Teams are more influenced by the culture around interpretation of data than by the quantity of data itself."},"4":{"Display":"D. Leaders typically ignore large amounts of data, regardless of its relevance."}},"ChoiceOrder":[1,2,3,4],"Validation":{"Settings":{"ForceResponse":"ON","ForceResponseType":"ON","Type":"None"}},"GradingData":[],"Language":[],"NextChoiceId":5,"NextAnswerId":1,"QuestionID":"QID25","RecodeValues":{"1":"0","2":"0","3":"1","4":"0"}}},{"SurveyID":"SV_1H0RZtEDx1vZ7b8","Element":"SQ","PrimaryAttribute":"QID26","SecondaryAttribute":"Question 6 An organization realizes it repeatedly makes flawed decisions due to groupthink. Which...","TertiaryAttribute":null,"Payload":{"QuestionText":"<span style=\"font-size:medium\"><span style=\"line-height:normal\"><span style=\"font-family:Aptos, sans-serif\"><span style=\"color:#000000\"><span style=\"font-style:normal\"><span style=\"font-weight:400\"><span style=\"white-space:normal\"><span style=\"text-decoration:none\"><strong><span style=\"font-family:Garamond, serif\"><span style=\"color:black\">Question 6<\/span><\/span><\/strong><br data-end=\"129\" data-start=\"126\" style=\"text-align:start\">\n<span style=\"font-family:Garamond, serif\"><span style=\"color:black\"><span style=\"text-align:start; float:none\">An organization realizes it repeatedly makes flawed decisions due to groupthink. Which of the following actions would reduce the likelihood of groupthink in the future? <\/span><\/span><\/span><\/span><\/span><\/span><\/span><\/span><\/span><\/span><\/span><br>","DefaultChoices":false,"DataExportTag":"Q6","QuestionType":"MC","Selector":"SAVR","SubSelector":"TX","DataVisibility":{"Private":false,"Hidden":false},"Configuration":{"QuestionDescriptionOption":"UseText"},"QuestionDescription":"Question 6 An organization realizes it repeatedly makes flawed decisions due to groupthink. Which...","Choices":{"1":{"Display":"A. Remind decision-makers to carefully examine all available data."},"2":{"Display":"B. Encourage team members to be cautious and skeptical when evaluating decisions."},"3":{"Display":"C. Explicitly instruct individuals to prioritize objectivity when interpreting ambiguous evidence."},"4":{"Display":"D. All of the above"},"5":{"Display":"E. None of the above"}},"ChoiceOrder":[1,2,3,4,5],"Validation":{"Settings":{"ForceResponse":"ON","ForceResponseType":"ON","Type":"None"}},"GradingData":[],"Language":[],"NextChoiceId":6,"NextAnswerId":1,"QuestionID":"QID26","RecodeValues":{"1":"0","2":"0","3":"0","4":"0","5":"1"}}},{"SurveyID":"SV_1H0RZtEDx1vZ7b8","Element":"STAT","PrimaryAttribute":"Survey Statistics","SecondaryAttribute":null,"TertiaryAttribute":null,"Payload":{"MobileCompatible":true,"ID":"Survey Statistics"}}]}